
Microsoft Visual Studio Solution File, Format Version 12.00
# Visual Studio Version 17
VisualStudioVersion = 17.3.32922.545
MinimumVisualStudioVersion = 10.0.40219.1
Project("{FAE04EC0-301F-11D3-BF4B-00C04F79EFBC}") = "NavigationPage", "NavigationPage\NavigationPage.csproj", "{D54A79FF-7E41-4882-84CD-2A11AE05A623}"
EndProject
Global
	GlobalSection(SolutionConfigurationPlatforms) = preSolution
		Debug|Any CPU = Debug|Any CPU
		Release|Any CPU = Release|Any CPU
	EndGlobalSection
	GlobalSection(ProjectConfigurationPlatforms) = postSolution
		{D54A79FF-7E41-4882-84CD-2A11AE05A623}.Debug|Any CPU.ActiveCfg = Debug|Any CPU
		{D54A79FF-7E41-4882-84CD-2A11AE05A623}.Debug|Any CPU.Build.0 = Debug|Any CPU
		{D54A79FF-7E41-4882-84CD-2A11AE05A623}.Release|Any CPU.ActiveCfg = Release|Any CPU
		{D54A79FF-7E41-4882-84CD-2A11AE05A623}.Release|Any CPU.Build.0 = Release|Any CPU
	EndGlobalSection
	GlobalSection(SolutionProperties) = preSolution
		HideSolutionNode = FALSE
	EndGlobalSection
	GlobalSection(ExtensibilityGlobals) = postSolution
		SolutionGuid = {3BC87426-AD4C-436A-BA1A-EF3961659010}
	EndGlobalSection
EndGlobal
